
Microsoft Visual Studio Solution File, Format Version 12.00
# Visual Studio 15
VisualStudioVersion = 15.0.28010.2041
MinimumVisualStudioVersion = 10.0.40219.1
Project("{FAE04EC0-301F-11D3-BF4B-00C04F79EFBC}") = "FormWpfApp", "FormWpfApp\FormWpfApp.csproj", "{993A9CBD-44B0-4CFF-80D3-FAC92EB3B8D4}"
EndProject
Global
	GlobalSection(SolutionConfigurationPlatforms) = preSolution
		Debug|Any CPU = Debug|Any CPU
		Release|Any CPU = Release|Any CPU
	EndGlobalSection
	GlobalSection(ProjectConfigurationPlatforms) = postSolution
		{993A9CBD-44B0-4CFF-80D3-FAC92EB3B8D4}.Debug|Any CPU.ActiveCfg = Debug|Any CPU
		{993A9CBD-44B0-4CFF-80D3-FAC92EB3B8D4}.Debug|Any CPU.Build.0 = Debug|Any CPU
		{993A9CBD-44B0-4CFF-80D3-FAC92EB3B8D4}.Release|Any CPU.ActiveCfg = Release|Any CPU
		{993A9CBD-44B0-4CFF-80D3-FAC92EB3B8D4}.Release|Any CPU.Build.0 = Release|Any CPU
	EndGlobalSection
	GlobalSection(SolutionProperties) = preSolution
		HideSolutionNode = FALSE
	EndGlobalSection
	GlobalSection(ExtensibilityGlobals) = postSolution
		SolutionGuid = {AB25C145-326E-4F97-82C4-6DFA6777C564}
	EndGlobalSection
EndGlobal
